
Microsoft Visual Studio Solution File, Format Version 12.00
# Visual Studio Version 17
VisualStudioVersion = 17.9.34728.123
MinimumVisualStudioVersion = 10.0.40219.1
Project("{FAE04EC0-301F-11D3-BF4B-00C04F79EFBC}") = "autosize", "autosize.csproj", "{387FC51A-A863-455F-8957-47A391EB670D}"
EndProject
Global
	GlobalSection(SolutionConfigurationPlatforms) = preSolution
		Debug|Any CPU = Debug|Any CPU
		Release|Any CPU = Release|Any CPU
	EndGlobalSection
	GlobalSection(ProjectConfigurationPlatforms) = postSolution
		{387FC51A-A863-455F-8957-47A391EB670D}.Debug|Any CPU.ActiveCfg = Debug|Any CPU
		{387FC51A-A863-455F-8957-47A391EB670D}.Debug|Any CPU.Build.0 = Debug|Any CPU
		{387FC51A-A863-455F-8957-47A391EB670D}.Release|Any CPU.ActiveCfg = Release|Any CPU
		{387FC51A-A863-455F-8957-47A391EB670D}.Release|Any CPU.Build.0 = Release|Any CPU
	EndGlobalSection
	GlobalSection(SolutionProperties) = preSolution
		HideSolutionNode = FALSE
	EndGlobalSection
	GlobalSection(ExtensibilityGlobals) = postSolution
		SolutionGuid = {C2D0B0EF-2B04-4130-A4CC-2C18A8B53C4B}
	EndGlobalSection
EndGlobal
